
Microsoft Visual Studio Solution File, Format Version 12.00
# Visual Studio Version 16
VisualStudioVersion = 16.0.28803.156
MinimumVisualStudioVersion = 10.0.40219.1
Project("{FAE04EC0-301F-11D3-BF4B-00C04F79EFBC}") = "Accesso tradizionale", "Accesso tradizionale.csproj", "{35C8B462-40BF-4042-AA37-75A0DA077ABB}"
EndProject
Global
	GlobalSection(SolutionConfigurationPlatforms) = preSolution
		Debug|Any CPU = Debug|Any CPU
		Release|Any CPU = Release|Any CPU
	EndGlobalSection
	GlobalSection(ProjectConfigurationPlatforms) = postSolution
		{35C8B462-40BF-4042-AA37-75A0DA077ABB}.Debug|Any CPU.ActiveCfg = Debug|Any CPU
		{35C8B462-40BF-4042-AA37-75A0DA077ABB}.Debug|Any CPU.Build.0 = Debug|Any CPU
		{35C8B462-40BF-4042-AA37-75A0DA077ABB}.Release|Any CPU.ActiveCfg = Release|Any CPU
		{35C8B462-40BF-4042-AA37-75A0DA077ABB}.Release|Any CPU.Build.0 = Release|Any CPU
	EndGlobalSection
	GlobalSection(SolutionProperties) = preSolution
		HideSolutionNode = FALSE
	EndGlobalSection
	GlobalSection(ExtensibilityGlobals) = postSolution
		SolutionGuid = {5A9939B6-AE15-470C-AC8F-2FDF55478C21}
	EndGlobalSection
EndGlobal
